
Microsoft Visual Studio Solution File, Format Version 12.00
# Visual Studio Version 17
VisualStudioVersion = 17.2.32526.322
MinimumVisualStudioVersion = 10.0.40219.1
Project("{9A19103F-16F7-4668-BE54-9A1E7A4F7556}") = "OpenResume.API", "OpenResume.API\OpenResume.API.csproj", "{BB80301A-3B6C-4B20-9F4E-8355CFA5A145}"
EndProject
Project("{9A19103F-16F7-4668-BE54-9A1E7A4F7556}") = "OpenResume.API.Functions", "OpenResume.API.Functions\OpenResume.API.Functions.csproj", "{0272A2C8-72A6-4FCA-A563-C08744CB1F6A}"
EndProject
Project("{FAE04EC0-301F-11D3-BF4B-00C04F79EFBC}") = "OpenResume.API.Tests", "OpenResume.API.Tests\OpenResume.API.Tests.csproj", "{DE7DBC4C-E439-4DBD-B3EE-3B915E74ADD4}"
EndProject
Global
	GlobalSection(SolutionConfigurationPlatforms) = preSolution
		Debug|Any CPU = Debug|Any CPU
		Release|Any CPU = Release|Any CPU
	EndGlobalSection
	GlobalSection(ProjectConfigurationPlatforms) = postSolution
		{BB80301A-3B6C-4B20-9F4E-8355CFA5A145}.Debug|Any CPU.ActiveCfg = Debug|Any CPU
		{BB80301A-3B6C-4B20-9F4E-8355CFA5A145}.Debug|Any CPU.Build.0 = Debug|Any CPU
		{BB80301A-3B6C-4B20-9F4E-8355CFA5A145}.Release|Any CPU.ActiveCfg = Release|Any CPU
		{BB80301A-3B6C-4B20-9F4E-8355CFA5A145}.Release|Any CPU.Build.0 = Release|Any CPU
		{0272A2C8-72A6-4FCA-A563-C08744CB1F6A}.Debug|Any CPU.ActiveCfg = Debug|Any CPU
		{0272A2C8-72A6-4FCA-A563-C08744CB1F6A}.Debug|Any CPU.Build.0 = Debug|Any CPU
		{0272A2C8-72A6-4FCA-A563-C08744CB1F6A}.Release|Any CPU.ActiveCfg = Release|Any CPU
		{0272A2C8-72A6-4FCA-A563-C08744CB1F6A}.Release|Any CPU.Build.0 = Release|Any CPU
		{DE7DBC4C-E439-4DBD-B3EE-3B915E74ADD4}.Debug|Any CPU.ActiveCfg = Debug|Any CPU
		{DE7DBC4C-E439-4DBD-B3EE-3B915E74ADD4}.Debug|Any CPU.Build.0 = Debug|Any CPU
		{DE7DBC4C-E439-4DBD-B3EE-3B915E74ADD4}.Release|Any CPU.ActiveCfg = Release|Any CPU
		{DE7DBC4C-E439-4DBD-B3EE-3B915E74ADD4}.Release|Any CPU.Build.0 = Release|Any CPU
	EndGlobalSection
	GlobalSection(SolutionProperties) = preSolution
		HideSolutionNode = FALSE
	EndGlobalSection
	GlobalSection(ExtensibilityGlobals) = postSolution
		SolutionGuid = {17FBB62B-C7AB-4F5C-9261-878C41D357BD}
	EndGlobalSection
EndGlobal
